
Microsoft Visual Studio Solution File, Format Version 12.00
# Visual Studio 15
VisualStudioVersion = 15.0.27428.2015
MinimumVisualStudioVersion = 10.0.40219.1
Project("{FAE04EC0-301F-11D3-BF4B-00C04F79EFBC}") = "makeCERT", "makeCERT\makeCERT.csproj", "{34F1DB46-0DC6-4EF4-9921-827EDC98DA82}"
EndProject
Project("{FAE04EC0-301F-11D3-BF4B-00C04F79EFBC}") = "converCERT", "converCERT\converCERT.csproj", "{3A272829-584E-4E8D-A750-3D80396E0FE7}"
EndProject
Global
	GlobalSection(SolutionConfigurationPlatforms) = preSolution
		Debug|Any CPU = Debug|Any CPU
		Release|Any CPU = Release|Any CPU
	EndGlobalSection
	GlobalSection(ProjectConfigurationPlatforms) = postSolution
		{34F1DB46-0DC6-4EF4-9921-827EDC98DA82}.Debug|Any CPU.ActiveCfg = Debug|Any CPU
		{34F1DB46-0DC6-4EF4-9921-827EDC98DA82}.Debug|Any CPU.Build.0 = Debug|Any CPU
		{34F1DB46-0DC6-4EF4-9921-827EDC98DA82}.Release|Any CPU.ActiveCfg = Release|Any CPU
		{34F1DB46-0DC6-4EF4-9921-827EDC98DA82}.Release|Any CPU.Build.0 = Release|Any CPU
		{3A272829-584E-4E8D-A750-3D80396E0FE7}.Debug|Any CPU.ActiveCfg = Debug|Any CPU
		{3A272829-584E-4E8D-A750-3D80396E0FE7}.Debug|Any CPU.Build.0 = Debug|Any CPU
		{3A272829-584E-4E8D-A750-3D80396E0FE7}.Release|Any CPU.ActiveCfg = Release|Any CPU
		{3A272829-584E-4E8D-A750-3D80396E0FE7}.Release|Any CPU.Build.0 = Release|Any CPU
	EndGlobalSection
	GlobalSection(SolutionProperties) = preSolution
		HideSolutionNode = FALSE
	EndGlobalSection
	GlobalSection(ExtensibilityGlobals) = postSolution
		SolutionGuid = {BF391A92-DA6B-4883-B1F3-8A2F4B1D8D16}
	EndGlobalSection
EndGlobal
